
Microsoft Visual Studio Solution File, Format Version 12.00
# Visual Studio Version 17
VisualStudioVersion = 17.5.33424.131
MinimumVisualStudioVersion = 10.0.40219.1
Project("{FAE04EC0-301F-11D3-BF4B-00C04F79EFBC}") = "ProvCasino", "ProvCasino.csproj", "{1925AEF6-97CD-4792-8C1A-7FE185E44F81}"
EndProject
Global
	GlobalSection(SolutionConfigurationPlatforms) = preSolution
		Debug|Any CPU = Debug|Any CPU
		Release|Any CPU = Release|Any CPU
	EndGlobalSection
	GlobalSection(ProjectConfigurationPlatforms) = postSolution
		{1925AEF6-97CD-4792-8C1A-7FE185E44F81}.Debug|Any CPU.ActiveCfg = Debug|Any CPU
		{1925AEF6-97CD-4792-8C1A-7FE185E44F81}.Debug|Any CPU.Build.0 = Debug|Any CPU
		{1925AEF6-97CD-4792-8C1A-7FE185E44F81}.Release|Any CPU.ActiveCfg = Release|Any CPU
		{1925AEF6-97CD-4792-8C1A-7FE185E44F81}.Release|Any CPU.Build.0 = Release|Any CPU
	EndGlobalSection
	GlobalSection(SolutionProperties) = preSolution
		HideSolutionNode = FALSE
	EndGlobalSection
	GlobalSection(ExtensibilityGlobals) = postSolution
		SolutionGuid = {DAB18468-FC8A-4F4D-B6C6-7477849BB7EF}
	EndGlobalSection
EndGlobal
